// !$*UTF8*$!
{
	archiveVersion = 1;
	classes = {
	};
	objectVersion = 56;
	objects = {

/* Begin PBXBuildFile section */
		36ED0DD12F395A75007A4BB0 /* MorseSoundService.swift in Sources */ = {isa = PBXBuildFile; fileRef = 36ED0DD02F395A75007A4BB0 /* MorseSoundService.swift */; };
		A10001 /* FlashlightApp.swift in Sources */ = {isa = PBXBuildFile; fileRef = B10001 /* FlashlightApp.swift */; };
		A10002 /* ContentView.swift in Sources */ = {isa = PBXBuildFile; fileRef = B10002 /* ContentView.swift */; };
		A10003 /* FlashlightService.swift in Sources */ = {isa = PBXBuildFile; fileRef = B10003 /* FlashlightService.swift */; };
		A10004 /* MorseCode.swift in Sources */ = {isa = PBXBuildFile; fileRef = B10004 /* MorseCode.swift */; };
		A10005 /* MorseCodeEngine.swift in Sources */ = {isa = PBXBuildFile; fileRef = B10005 /* MorseCodeEngine.swift */; };
		A10006 /* CameraLightDetector.swift in Sources */ = {isa = PBXBuildFile; fileRef = B10006 /* CameraLightDetector.swift */; };
		A10007 /* LiquidGlassView.swift in Sources */ = {isa = PBXBuildFile; fileRef = B10007 /* LiquidGlassView.swift */; };
		A10008 /* FlashlightView.swift in Sources */ = {isa = PBXBuildFile; fileRef = B10008 /* FlashlightView.swift */; };
		A10009 /* MorseSendView.swift in Sources */ = {isa = PBXBuildFile; fileRef = B10009 /* MorseSendView.swift */; };
		A10010 /* MorseReceiveView.swift in Sources */ = {isa = PBXBuildFile; fileRef = B10010 /* MorseReceiveView.swift */; };
		A10011 /* MorseReferenceSheet.swift in Sources */ = {isa = PBXBuildFile; fileRef = B10011 /* MorseReferenceSheet.swift */; };
		A10012 /* Assets.xcassets in Resources */ = {isa = PBXBuildFile; fileRef = B10012 /* Assets.xcassets */; };
		A10013 /* Preview Assets.xcassets in Resources */ = {isa = PBXBuildFile; fileRef = B10013 /* Preview Assets.xcassets */; };
/* End PBXBuildFile section */

/* Begin PBXFileReference section */
		36ED0DD02F395A75007A4BB0 /* MorseSoundService.swift */ = {isa = PBXFileReference; lastKnownFileType = sourcecode.swift; path = MorseSoundService.swift; sourceTree = "<group>"; };
		B10001 /* FlashlightApp.swift */ = {isa = PBXFileReference; lastKnownFileType = sourcecode.swift; path = FlashlightApp.swift; sourceTree = "<group>"; };
		B10002 /* ContentView.swift */ = {isa = PBXFileReference; lastKnownFileType = sourcecode.swift; path = ContentView.swift; sourceTree = "<group>"; };
		B10003 /* FlashlightService.swift */ = {isa = PBXFileReference; lastKnownFileType = sourcecode.swift; path = FlashlightService.swift; sourceTree = "<group>"; };
		B10004 /* MorseCode.swift */ = {isa = PBXFileReference; lastKnownFileType = sourcecode.swift; path = MorseCode.swift; sourceTree = "<group>"; };
		B10005 /* MorseCodeEngine.swift */ = {isa = PBXFileReference; lastKnownFileType = sourcecode.swift; path = MorseCodeEngine.swift; sourceTree = "<group>"; };
		B10006 /* CameraLightDetector.swift */ = {isa = PBXFileReference; lastKnownFileType = sourcecode.swift; path = CameraLightDetector.swift; sourceTree = "<group>"; };
		B10007 /* LiquidGlassView.swift */ = {isa = PBXFileReference; lastKnownFileType = sourcecode.swift; path = LiquidGlassView.swift; sourceTree = "<group>"; };
		B10008 /* FlashlightView.swift */ = {isa = PBXFileReference; lastKnownFileType = sourcecode.swift; path = FlashlightView.swift; sourceTree = "<group>"; };
		B10009 /* MorseSendView.swift */ = {isa = PBXFileReference; lastKnownFileType = sourcecode.swift; path = MorseSendView.swift; sourceTree = "<group>"; };
		B10010 /* MorseReceiveView.swift */ = {isa = PBXFileReference; lastKnownFileType = sourcecode.swift; path = MorseReceiveView.swift; sourceTree = "<group>"; };
		B10011 /* MorseReferenceSheet.swift */ = {isa = PBXFileReference; lastKnownFileType = sourcecode.swift; path = MorseReferenceSheet.swift; sourceTree = "<group>"; };
		B10012 /* Assets.xcassets */ = {isa = PBXFileReference; lastKnownFileType = folder.assetcatalog; path = Assets.xcassets; sourceTree = "<group>"; };
		B10013 /* Preview Assets.xcassets */ = {isa = PBXFileReference; lastKnownFileType = folder.assetcatalog; path = "Preview Assets.xcassets"; sourceTree = "<group>"; };
		B10014 /* Info.plist */ = {isa = PBXFileReference; lastKnownFileType = text.plist.xml; path = Info.plist; sourceTree = "<group>"; };
		B10099 /* Flashlight.app */ = {isa = PBXFileReference; explicitFileType = wrapper.application; includeInIndex = 0; path = Flashlight.app; sourceTree = BUILT_PRODUCTS_DIR; };
/* End PBXFileReference section */

/* Begin PBXFrameworksBuildPhase section */
		C10001 /* Frameworks */ = {
			isa = PBXFrameworksBuildPhase;
			buildActionMask = 2147483647;
			files = (
			);
			runOnlyForDeploymentPostprocessing = 0;
		};
/* End PBXFrameworksBuildPhase section */

/* Begin PBXGroup section */
		D10001 = {
			isa = PBXGroup;
			children = (
				D10002 /* Flashlight */,
				D10099 /* Products */,
			);
			sourceTree = "<group>";
		};
		D10002 /* Flashlight */ = {
			isa = PBXGroup;
			children = (
				B10001 /* FlashlightApp.swift */,
				B10002 /* ContentView.swift */,
				B10014 /* Info.plist */,
				D10003 /* Models */,
				D10004 /* Services */,
				D10005 /* Views */,
				D10006 /* Components */,
				B10012 /* Assets.xcassets */,
				D10007 /* Preview Content */,
			);
			path = Flashlight;
			sourceTree = "<group>";
		};
		D10003 /* Models */ = {
			isa = PBXGroup;
			children = (
				B10004 /* MorseCode.swift */,
			);
			path = Models;
			sourceTree = "<group>";
		};
		D10004 /* Services */ = {
			isa = PBXGroup;
			children = (
				B10003 /* FlashlightService.swift */,
				B10005 /* MorseCodeEngine.swift */,
				B10006 /* CameraLightDetector.swift */,
				36ED0DD02F395A75007A4BB0 /* MorseSoundService.swift */,
			);
			path = Services;
			sourceTree = "<group>";
		};
		D10005 /* Views */ = {
			isa = PBXGroup;
			children = (
				B10008 /* FlashlightView.swift */,
				B10009 /* MorseSendView.swift */,
				B10010 /* MorseReceiveView.swift */,
			);
			path = Views;
			sourceTree = "<group>";
		};
		D10006 /* Components */ = {
			isa = PBXGroup;
			children = (
				B10007 /* LiquidGlassView.swift */,
				B10011 /* MorseReferenceSheet.swift */,
			);
			path = Components;
			sourceTree = "<group>";
		};
		D10007 /* Preview Content */ = {
			isa = PBXGroup;
			children = (
				B10013 /* Preview Assets.xcassets */,
			);
			path = "Preview Content";
			sourceTree = "<group>";
		};
		D10099 /* Products */ = {
			isa = PBXGroup;
			children = (
				B10099 /* Flashlight.app */,
			);
			name = Products;
			sourceTree = "<group>";
		};
/* End PBXGroup section */

/* Begin PBXNativeTarget section */
		E10001 /* Flashlight */ = {
			isa = PBXNativeTarget;
			buildConfigurationList = F10003 /* Build configuration list for PBXNativeTarget "Flashlight" */;
			buildPhases = (
				C10002 /* Sources */,
				C10001 /* Frameworks */,
				C10003 /* Resources */,
			);
			buildRules = (
			);
			dependencies = (
			);
			name = Flashlight;
			productName = Flashlight;
			productReference = B10099 /* Flashlight.app */;
			productType = "com.apple.product-type.application";
		};
/* End PBXNativeTarget section */

/* Begin PBXProject section */
		E10099 /* Project object */ = {
			isa = PBXProject;
			attributes = {
				BuildIndependentTargetsInParallel = 1;
				LastSwiftUpdateCheck = 1600;
				LastUpgradeCheck = 2630;
				TargetAttributes = {
					E10001 = {
						CreatedOnToolsVersion = 16.0;
					};
				};
			};
			buildConfigurationList = F10001 /* Build configuration list for PBXProject "Flashlight" */;
			compatibilityVersion = "Xcode 14.0";
			developmentRegion = en;
			hasScannedForEncodings = 0;
			knownRegions = (
				en,
				Base,
			);
			mainGroup = D10001;
			productRefGroup = D10099 /* Products */;
			projectDirPath = "";
			projectRoot = "";
			targets = (
				E10001 /* Flashlight */,
			);
		};
/* End PBXProject section */

/* Begin PBXResourcesBuildPhase section */
		C10003 /* Resources */ = {
			isa = PBXResourcesBuildPhase;
			buildActionMask = 2147483647;
			files = (
				A10012 /* Assets.xcassets in Resources */,
				A10013 /* Preview Assets.xcassets in Resources */,
			);
			runOnlyForDeploymentPostprocessing = 0;
		};
/* End PBXResourcesBuildPhase section */

/* Begin PBXSourcesBuildPhase section */
		C10002 /* Sources */ = {
			isa = PBXSourcesBuildPhase;
			buildActionMask = 2147483647;
			files = (
				A10001 /* FlashlightApp.swift in Sources */,
				A10002 /* ContentView.swift in Sources */,
				A10003 /* FlashlightService.swift in Sources */,
				A10004 /* MorseCode.swift in Sources */,
				A10005 /* MorseCodeEngine.swift in Sources */,
				A10006 /* CameraLightDetector.swift in Sources */,
				36ED0DD12F395A75007A4BB0 /* MorseSoundService.swift in Sources */,
				A10007 /* LiquidGlassView.swift in Sources */,
				A10008 /* FlashlightView.swift in Sources */,
				A10009 /* MorseSendView.swift in Sources */,
				A10010 /* MorseReceiveView.swift in Sources */,
				A10011 /* MorseReferenceSheet.swift in Sources */,
			);
			runOnlyForDeploymentPostprocessing = 0;
		};
/* End PBXSourcesBuildPhase section */

/* Begin XCBuildConfiguration section */
		G10001 /* Debug */ = {
			isa = XCBuildConfiguration;
			buildSettings = {
				ALWAYS_SEARCH_USER_PATHS = NO;
				ASSETCATALOG_COMPILER_GENERATE_SWIFT_ASSET_SYMBOL_EXTENSIONS = YES;
				CLANG_ANALYZER_NONNULL = YES;
				CLANG_ANALYZER_NUMBER_OBJECT_CONVERSION = YES_AGGRESSIVE;
				CLANG_CXX_LANGUAGE_STANDARD = "gnu++20";
				CLANG_ENABLE_MODULES = YES;
				CLANG_ENABLE_OBJC_ARC = YES;
				CLANG_ENABLE_OBJC_WEAK = YES;
				CLANG_WARN_BLOCK_CAPTURE_AUTORELEASING = YES;
				CLANG_WARN_BOOL_CONVERSION = YES;
				CLANG_WARN_COMMA = YES;
				CLANG_WARN_CONSTANT_CONVERSION = YES;
				CLANG_WARN_DEPRECATED_OBJC_IMPLEMENTATIONS = YES;
				CLANG_WARN_DIRECT_OBJC_ISA_USAGE = YES_ERROR;
				CLANG_WARN_DOCUMENTATION_COMMENTS = YES;
				CLANG_WARN_EMPTY_BODY = YES;
				CLANG_WARN_ENUM_CONVERSION = YES;
				CLANG_WARN_INFINITE_RECURSION = YES;
				CLANG_WARN_INT_CONVERSION = YES;
				CLANG_WARN_NON_LITERAL_NULL_CONVERSION = YES;
				CLANG_WARN_OBJC_IMPLICIT_RETAIN_SELF = YES;
				CLANG_WARN_OBJC_LITERAL_CONVERSION = YES;
				CLANG_WARN_OBJC_ROOT_CLASS = YES_ERROR;
				CLANG_WARN_QUOTED_INCLUDE_IN_FRAMEWORK_HEADER = YES;
				CLANG_WARN_RANGE_LOOP_ANALYSIS = YES;
				CLANG_WARN_STRICT_PROTOTYPES = YES;
				CLANG_WARN_SUSPICIOUS_MOVE = YES;
				CLANG_WARN_UNGUARDED_AVAILABILITY = YES_AGGRESSIVE;
				CLANG_WARN_UNREACHABLE_CODE = YES;
				CLANG_WARN__DUPLICATE_METHOD_MATCH = YES;
				COPY_PHASE_STRIP = NO;
				DEBUG_INFORMATION_FORMAT = dwarf;
				DEVELOPMENT_TEAM = BN4AG8ZA3A;
				ENABLE_STRICT_OBJC_MSGSEND = YES;
				ENABLE_TESTABILITY = YES;
				ENABLE_USER_SCRIPT_SANDBOXING = YES;
				GCC_C_LANGUAGE_STANDARD = gnu17;
				GCC_DYNAMIC_NO_PIC = NO;
				GCC_NO_COMMON_BLOCKS = YES;
				GCC_OPTIMIZATION_LEVEL = 0;
				GCC_PREPROCESSOR_DEFINITIONS = (
					"DEBUG=1",
					"$(inherited)",
				);
				GCC_WARN_64_TO_32_BIT_CONVERSION = YES;
				GCC_WARN_ABOUT_RETURN_TYPE = YES_ERROR;
				GCC_WARN_UNDECLARED_SELECTOR = YES;
				GCC_WARN_UNINITIALIZED_AUTOS = YES_AGGRESSIVE;
				GCC_WARN_UNUSED_FUNCTION = YES;
				GCC_WARN_UNUSED_VARIABLE = YES;
				IPHONEOS_DEPLOYMENT_TARGET = 17.0;
				LOCALIZATION_PREFERS_STRING_CATALOGS = YES;
				MTL_ENABLE_DEBUG_INFO = INCLUDE_SOURCE;
				MTL_FAST_MATH = YES;
				ONLY_ACTIVE_ARCH = YES;
				SDKROOT = iphoneos;
				STRING_CATALOG_GENERATE_SYMBOLS = YES;
				SWIFT_ACTIVE_COMPILATION_CONDITIONS = "DEBUG $(inherited)";
				SWIFT_OPTIMIZATION_LEVEL = "-Onone";
			};
			name = Debug;
		};
		G10002 /* Release */ = {
			isa = XCBuildConfiguration;
			buildSettings = {
				ALWAYS_SEARCH_USER_PATHS = NO;
				ASSETCATALOG_COMPILER_GENERATE_SWIFT_ASSET_SYMBOL_EXTENSIONS = YES;
				CLANG_ANALYZER_NONNULL = YES;
				CLANG_ANALYZER_NUMBER_OBJECT_CONVERSION = YES_AGGRESSIVE;
				CLANG_CXX_LANGUAGE_STANDARD = "gnu++20";
				CLANG_ENABLE_MODULES = YES;
				CLANG_ENABLE_OBJC_ARC = YES;
				CLANG_ENABLE_OBJC_WEAK = YES;
				CLANG_WARN_BLOCK_CAPTURE_AUTORELEASING = YES;
				CLANG_WARN_BOOL_CONVERSION = YES;
				CLANG_WARN_COMMA = YES;
				CLANG_WARN_CONSTANT_CONVERSION = YES;
				CLANG_WARN_DEPRECATED_OBJC_IMPLEMENTATIONS = YES;
				CLANG_WARN_DIRECT_OBJC_ISA_USAGE = YES_ERROR;
				CLANG_WARN_DOCUMENTATION_COMMENTS = YES;
				CLANG_WARN_EMPTY_BODY = YES;
				CLANG_WARN_ENUM_CONVERSION = YES;
				CLANG_WARN_INFINITE_RECURSION = YES;
				CLANG_WARN_INT_CONVERSION = YES;
				CLANG_WARN_NON_LITERAL_NULL_CONVERSION = YES;
				CLANG_WARN_OBJC_IMPLICIT_RETAIN_SELF = YES;
				CLANG_WARN_OBJC_LITERAL_CONVERSION = YES;
				CLANG_WARN_OBJC_ROOT_CLASS = YES_ERROR;
				CLANG_WARN_QUOTED_INCLUDE_IN_FRAMEWORK_HEADER = YES;
				CLANG_WARN_RANGE_LOOP_ANALYSIS = YES;
				CLANG_WARN_STRICT_PROTOTYPES = YES;
				CLANG_WARN_SUSPICIOUS_MOVE = YES;
				CLANG_WARN_UNGUARDED_AVAILABILITY = YES_AGGRESSIVE;
				CLANG_WARN_UNREACHABLE_CODE = YES;
				CLANG_WARN__DUPLICATE_METHOD_MATCH = YES;
				COPY_PHASE_STRIP = NO;
				DEBUG_INFORMATION_FORMAT = "dwarf-with-dsym";
				DEVELOPMENT_TEAM = BN4AG8ZA3A;
				ENABLE_NS_ASSERTIONS = NO;
				ENABLE_STRICT_OBJC_MSGSEND = YES;
				ENABLE_USER_SCRIPT_SANDBOXING = YES;
				GCC_C_LANGUAGE_STANDARD = gnu17;
				GCC_NO_COMMON_BLOCKS = YES;
				GCC_WARN_64_TO_32_BIT_CONVERSION = YES;
				GCC_WARN_ABOUT_RETURN_TYPE = YES_ERROR;
				GCC_WARN_UNDECLARED_SELECTOR = YES;
				GCC_WARN_UNINITIALIZED_AUTOS = YES_AGGRESSIVE;
				GCC_WARN_UNUSED_FUNCTION = YES;
				GCC_WARN_UNUSED_VARIABLE = YES;
				IPHONEOS_DEPLOYMENT_TARGET = 17.0;
				LOCALIZATION_PREFERS_STRING_CATALOGS = YES;
				MTL_ENABLE_DEBUG_INFO = NO;
				MTL_FAST_MATH = YES;
				SDKROOT = iphoneos;
				STRING_CATALOG_GENERATE_SYMBOLS = YES;
				SWIFT_COMPILATION_MODE = wholemodule;
				VALIDATE_PRODUCT = YES;
			};
			name = Release;
		};
		G10003 /* Debug */ = {
			isa = XCBuildConfiguration;
			buildSettings = {
				ASSETCATALOG_COMPILER_APPICON_NAME = AppIcon;
				ASSETCATALOG_COMPILER_GLOBAL_ACCENT_COLOR_NAME = AccentColor;
				CODE_SIGN_STYLE = Automatic;
				CURRENT_PROJECT_VERSION = 1;
				DEVELOPMENT_ASSET_PATHS = "\"Flashlight/Preview Content\"";
				ENABLE_PREVIEWS = YES;
				GENERATE_INFOPLIST_FILE = YES;
				INFOPLIST_FILE = Flashlight/Info.plist;
				INFOPLIST_KEY_CFBundleDisplayName = "Morse Flashlight";
				INFOPLIST_KEY_NSCameraUsageDescription = "Camera access is needed to detect morse code light signals from other devices.";
				INFOPLIST_KEY_UIApplicationSupportsIndirectInputEvents = YES;
				INFOPLIST_KEY_UIRequiredDeviceCapabilities = armv7;
				INFOPLIST_KEY_UIStatusBarStyle = UIStatusBarStyleLightContent;
				INFOPLIST_KEY_UISupportedInterfaceOrientations = UIInterfaceOrientationPortrait;
				INFOPLIST_KEY_UISupportsDocumentBrowser = NO;
				LD_RUNPATH_SEARCH_PATHS = (
					"$(inherited)",
					"@executable_path/Frameworks",
				);
				MARKETING_VERSION = 1.0;
				PRODUCT_BUNDLE_IDENTIFIER = com.xjrmh.flashlight.app;
				PRODUCT_NAME = "$(TARGET_NAME)";
				SUPPORTED_PLATFORMS = "iphoneos iphonesimulator";
				SUPPORTS_MACCATALYST = NO;
				SUPPORTS_MAC_DESIGNED_FOR_IPHONE_IPAD = NO;
				SUPPORTS_XR_DESIGNED_FOR_IPHONE_IPAD = NO;
				SWIFT_EMIT_LOC_STRINGS = YES;
				SWIFT_VERSION = 5.0;
				TARGETED_DEVICE_FAMILY = "1,2";
			};
			name = Debug;
		};
		G10004 /* Release */ = {
			isa = XCBuildConfiguration;
			buildSettings = {
				ASSETCATALOG_COMPILER_APPICON_NAME = AppIcon;
				ASSETCATALOG_COMPILER_GLOBAL_ACCENT_COLOR_NAME = AccentColor;
				CODE_SIGN_STYLE = Automatic;
				CURRENT_PROJECT_VERSION = 1;
				DEVELOPMENT_ASSET_PATHS = "\"Flashlight/Preview Content\"";
				ENABLE_PREVIEWS = YES;
				GENERATE_INFOPLIST_FILE = YES;
				INFOPLIST_FILE = Flashlight/Info.plist;
				INFOPLIST_KEY_CFBundleDisplayName = "Morse Flashlight";
				INFOPLIST_KEY_NSCameraUsageDescription = "Camera access is needed to detect morse code light signals from other devices.";
				INFOPLIST_KEY_UIApplicationSupportsIndirectInputEvents = YES;
				INFOPLIST_KEY_UIRequiredDeviceCapabilities = armv7;
				INFOPLIST_KEY_UIStatusBarStyle = UIStatusBarStyleLightContent;
				INFOPLIST_KEY_UISupportedInterfaceOrientations = UIInterfaceOrientationPortrait;
				INFOPLIST_KEY_UISupportsDocumentBrowser = NO;
				LD_RUNPATH_SEARCH_PATHS = (
					"$(inherited)",
					"@executable_path/Frameworks",
				);
				MARKETING_VERSION = 1.0;
				PRODUCT_BUNDLE_IDENTIFIER = com.xjrmh.flashlight.app;
				PRODUCT_NAME = "$(TARGET_NAME)";
				SUPPORTED_PLATFORMS = "iphoneos iphonesimulator";
				SUPPORTS_MACCATALYST = NO;
				SUPPORTS_MAC_DESIGNED_FOR_IPHONE_IPAD = NO;
				SUPPORTS_XR_DESIGNED_FOR_IPHONE_IPAD = NO;
				SWIFT_EMIT_LOC_STRINGS = YES;
				SWIFT_VERSION = 5.0;
				TARGETED_DEVICE_FAMILY = "1,2";
			};
			name = Release;
		};
/* End XCBuildConfiguration section */

/* Begin XCConfigurationList section */
		F10001 /* Build configuration list for PBXProject "Flashlight" */ = {
			isa = XCConfigurationList;
			buildConfigurations = (
				G10001 /* Debug */,
				G10002 /* Release */,
			);
			defaultConfigurationIsVisible = 0;
			defaultConfigurationName = Release;
		};
		F10003 /* Build configuration list for PBXNativeTarget "Flashlight" */ = {
			isa = XCConfigurationList;
			buildConfigurations = (
				G10003 /* Debug */,
				G10004 /* Release */,
			);
			defaultConfigurationIsVisible = 0;
			defaultConfigurationName = Release;
		};
/* End XCConfigurationList section */
	};
	rootObject = E10099 /* Project object */;
}
